
Microsoft Visual Studio Solution File, Format Version 12.00
# Visual Studio Version 16
VisualStudioVersion = 16.0.30611.23
MinimumVisualStudioVersion = 10.0.40219.1
Project("{8BC9CEB8-8B4A-11D0-8D11-00A0C91BC942}") = "图的邻接矩阵法", "图的邻接矩阵法\图的邻接矩阵法.vcxproj", "{7BB8BA29-EE21-4ECE-8918-5CEF36567BD7}"
EndProject
Global
	GlobalSection(SolutionConfigurationPlatforms) = preSolution
		Debug|x64 = Debug|x64
		Debug|x86 = Debug|x86
		Release|x64 = Release|x64
		Release|x86 = Release|x86
	EndGlobalSection
	GlobalSection(ProjectConfigurationPlatforms) = postSolution
		{7BB8BA29-EE21-4ECE-8918-5CEF36567BD7}.Debug|x64.ActiveCfg = Debug|x64
		{7BB8BA29-EE21-4ECE-8918-5CEF36567BD7}.Debug|x64.Build.0 = Debug|x64
		{7BB8BA29-EE21-4ECE-8918-5CEF36567BD7}.Debug|x86.ActiveCfg = Debug|Win32
		{7BB8BA29-EE21-4ECE-8918-5CEF36567BD7}.Debug|x86.Build.0 = Debug|Win32
		{7BB8BA29-EE21-4ECE-8918-5CEF36567BD7}.Release|x64.ActiveCfg = Release|x64
		{7BB8BA29-EE21-4ECE-8918-5CEF36567BD7}.Release|x64.Build.0 = Release|x64
		{7BB8BA29-EE21-4ECE-8918-5CEF36567BD7}.Release|x86.ActiveCfg = Release|Win32
		{7BB8BA29-EE21-4ECE-8918-5CEF36567BD7}.Release|x86.Build.0 = Release|Win32
	EndGlobalSection
	GlobalSection(SolutionProperties) = preSolution
		HideSolutionNode = FALSE
	EndGlobalSection
	GlobalSection(ExtensibilityGlobals) = postSolution
		SolutionGuid = {C222C052-4F6A-45AD-BB64-6CBCE6A419ED}
	EndGlobalSection
EndGlobal
